<?xml version="1.0" encoding="utf-8"?>
<Project ToolsVersion="4.0" xmlns="http://schemas.microsoft.com/developer/msbuild/2003">
  <ItemGroup>
    <Filter Include="Source Files">
      <UniqueIdentifier>{4FC737F1-C7A5-4376-A066-2A32D752A2FF}</UniqueIdentifier>
      <Extensions>cpp;c;cc;cxx;c++;cppm;ixx;def;odl;idl;hpj;bat;asm;asmx</Extensions>
    </Filter>
    <Filter Include="Header Files">
      <UniqueIdentifier>{93995380-89BD-4b04-88EB-625FBE52EBFB}</UniqueIdentifier>
      <Extensions>h;hh;hpp;hxx;h++;hm;inl;inc;ipp;xsd</Extensions>
    </Filter>
    <Filter Include="Resource Files">
      <UniqueIdentifier>{67DA6AB6-F800-4c08-8B7A-83BB121AAD01}</UniqueIdentifier>
      <Extensions>rc;ico;cur;bmp;dlg;rc2;rct;bin;rgs;gif;jpg;jpeg;jpe;resx;tiff;tif;png;wav;mfcribbon-ms</Extensions>
    </Filter>
  </ItemGroup>
  <ItemGroup>
    <ClCompile Include="src\Main.cpp">
      <Filter>Source Files</Filter>
    </ClCompile>
    <ClCompile Include="src\WindowInstance\WindowInstance.cpp">
      <Filter>Source Files</Filter>
    </ClCompile>
    <ClCompile Include="src\VertexBufferObject\VertexBufferObject.cpp">
      <Filter>Source Files</Filter>
    </ClCompile>
    <ClCompile Include="src\IndexBufferObject\IndexBufferObject.cpp">
      <Filter>Source Files</Filter>
    </ClCompile>
    <ClCompile Include="src\BindableDataObject\BindableDataObject.cpp">
      <Filter>Source Files</Filter>
    </ClCompile>
    <ClCompile Include="src\BindableDataObjectGuard\BindableDataObjectGuard.cpp">
      <Filter>Source Files</Filter>
    </ClCompile>
    <ClCompile Include="src\RendererInstance\RendererInstance.cpp">
      <Filter>Source Files</Filter>
    </ClCompile>
    <ClCompile Include="src\ShaderInstance\ShaderInstance.cpp">
      <Filter>Source Files</Filter>
    </ClCompile>
    <ClCompile Include="src\ShaderProgram\ShaderProgram.cpp">
      <Filter>Source Files</Filter>
    </ClCompile>
    <ClCompile Include="src\TextureInstance\TextureInstance.cpp">
      <Filter>Source Files</Filter>
    </ClCompile>
    <ClCompile Include="src\VertexArrayObject\VertexArrayObject.cpp">
      <Filter>Source Files</Filter>
    </ClCompile>
    <ClCompile Include="src\VertexBufferAttributes\VertexBufferAttributes.cpp">
      <Filter>Source Files</Filter>
    </ClCompile>
    <ClCompile Include="src\ImguiWrapper\ImguiWrapper.cpp">
      <Filter>Source Files</Filter>
    </ClCompile>
    <ClCompile Include="src\ApplicationInstance\ApplicationInstance.cpp">
      <Filter>Source Files</Filter>
    </ClCompile>
    <ClCompile Include="src\CameraInstance\CameraInstance.cpp">
      <Filter>Source Files</Filter>
    </ClCompile>
    <ClCompile Include="src\KeyboardInstance\KeyboardInstance.cpp">
      <Filter>Source Files</Filter>
    </ClCompile>
    <ClCompile Include="src\MeshGenerators\MeshGenerator.cpp">
      <Filter>Source Files</Filter>
    </ClCompile>
    <ClCompile Include="src\MeshGenerators\GenericMeshGenerators\CircleGenerator\CircleGenerator.cpp">
      <Filter>Source Files</Filter>
    </ClCompile>
    <ClCompile Include="src\MeshGenerators\GenericMeshGenerators\ConeGenerator\ConeGenerator.cpp">
      <Filter>Source Files</Filter>
    </ClCompile>
    <ClCompile Include="src\MeshGenerators\GenericMeshGenerators\CylinderGenerator\CylinderGenerator.cpp">
      <Filter>Source Files</Filter>
    </ClCompile>
    <ClCompile Include="src\MeshGenerators\GenericMeshGenerators\EllipseGenerator\EllipseGenerator.cpp">
      <Filter>Source Files</Filter>
    </ClCompile>
    <ClCompile Include="src\MeshGenerators\GenericMeshGenerators\IcosahedronGenerator\IcosahedronGenerator.cpp">
      <Filter>Source Files</Filter>
    </ClCompile>
    <ClCompile Include="src\MeshGenerators\GenericMeshGenerators\IcosphereGenerator\IcosphereGenerator.cpp">
      <Filter>Source Files</Filter>
    </ClCompile>
    <ClCompile Include="src\MeshGenerators\GenericMeshGenerators\ParallelepipedGenerator\ParallelepipedGenerator.cpp">
      <Filter>Source Files</Filter>
    </ClCompile>
    <ClCompile Include="src\MeshGenerators\GenericMeshGenerators\RectangleGenerator\RectangleGenerator.cpp">
      <Filter>Source Files</Filter>
    </ClCompile>
    <ClCompile Include="src\MeshGenerators\GenericMeshGenerators\TorusGenerator\TorusGenerator.cpp">
      <Filter>Source Files</Filter>
    </ClCompile>
    <ClCompile Include="src\MeshGenerators\GenericMeshGenerators\UvSphereGenerator\UvSphereGenerator.cpp">
      <Filter>Source Files</Filter>
    </ClCompile>
    <ClCompile Include="src\MeshInstance\MeshInstance.cpp">
      <Filter>Source Files</Filter>
    </ClCompile>
    <ClCompile Include="src\MouseInstance\MouseInstance.cpp">
      <Filter>Source Files</Filter>
    </ClCompile>
    <ClCompile Include="src\TextureLoader\TextureLoaderSTB\TextureLoaderSTB.cpp">
      <Filter>Source Files</Filter>
    </ClCompile>
    <ClCompile Include="src\TextureLoader\TextureLoaderCV\TextureLoaderCV.cpp">
      <Filter>Source Files</Filter>
    </ClCompile>
    <ClCompile Include="src\ViewportInstance\ViewportInstance.cpp">
      <Filter>Source Files</Filter>
    </ClCompile>
    <ClCompile Include="lib\glad\src\glad.c">
      <Filter>Source Files</Filter>
    </ClCompile>
    <ClCompile Include="lib\imgui\src\imgui.cpp">
      <Filter>Source Files</Filter>
    </ClCompile>
    <ClCompile Include="lib\imgui\src\imgui_draw.cpp">
      <Filter>Source Files</Filter>
    </ClCompile>
    <ClCompile Include="lib\imgui\src\imgui_impl_glfw.cpp">
      <Filter>Source Files</Filter>
    </ClCompile>
    <ClCompile Include="lib\imgui\src\imgui_impl_opengl3.cpp">
      <Filter>Source Files</Filter>
    </ClCompile>
    <ClCompile Include="lib\imgui\src\imgui_tables.cpp">
      <Filter>Source Files</Filter>
    </ClCompile>
    <ClCompile Include="lib\imgui\src\imgui_widgets.cpp">
      <Filter>Source Files</Filter>
    </ClCompile>
    <ClCompile Include="src\MeshGeneratorFactory\GenericMeshGeneratorFactory\GenericMeshGeneratorFactory.cpp">
      <Filter>Source Files</Filter>
    </ClCompile>
    <ClCompile Include="src\MeshInstance\MaterialMeshInstance.cpp">
      <Filter>Source Files</Filter>
    </ClCompile>
    <ClCompile Include="src\MeshGenerators\MaterialMeshGenerator.cpp">
      <Filter>Source Files</Filter>
    </ClCompile>
    <ClCompile Include="src\MeshGeneratorFactory\MaterialMeshGeneratorFactory\MaterialMeshGeneratorFactory.cpp">
      <Filter>Source Files</Filter>
    </ClCompile>
    <ClCompile Include="src\LightInstance\LightInstance.cpp">
      <Filter>Source Files</Filter>
    </ClCompile>
    <ClCompile Include="src\ImguiWrapper\ImguiCheckBox\ImguiCheckBox.cpp">
      <Filter>Source Files</Filter>
    </ClCompile>
    <ClCompile Include="src\ImguiWrapper\ImguiColorPicker\ImguiColorPicker.cpp">
      <Filter>Source Files</Filter>
    </ClCompile>
    <ClCompile Include="src\ImguiWrapper\ImguiComboBox\ImguiComboBox.cpp">
      <Filter>Source Files</Filter>
    </ClCompile>
    <ClCompile Include="src\ImguiWrapper\ImguiSameLine\ImguiSameLine.cpp">
      <Filter>Source Files</Filter>
    </ClCompile>
    <ClCompile Include="src\ApplicationConfigCreator\ApplicationConfigCreator.cpp">
      <Filter>Source Files</Filter>
    </ClCompile>
  </ItemGroup>
  <ItemGroup>
    <ClInclude Include="src\WindowInstance\WindowInstance.hpp">
      <Filter>Header Files</Filter>
    </ClInclude>
    <ClInclude Include="src\VertexBufferObject\VertexBufferObject.hpp">
      <Filter>Header Files</Filter>
    </ClInclude>
    <ClInclude Include="src\IndexBufferObject\IndexBufferObject.hpp">
      <Filter>Header Files</Filter>
    </ClInclude>
    <ClInclude Include="src\VertexArrayObject\VertexArrayObject.hpp">
      <Filter>Header Files</Filter>
    </ClInclude>
    <ClInclude Include="src\BindableDataObject\BindableDataObject.hpp">
      <Filter>Header Files</Filter>
    </ClInclude>
    <ClInclude Include="src\BindableDataObjectGuard\BindableDataObjectGuard.hpp">
      <Filter>Header Files</Filter>
    </ClInclude>
    <ClInclude Include="src\VertexBufferAttributes\VertexBufferAttributes.hpp">
      <Filter>Header Files</Filter>
    </ClInclude>
    <ClInclude Include="src\ShaderProgram\ShaderProgram.hpp">
      <Filter>Header Files</Filter>
    </ClInclude>
    <ClInclude Include="src\RendererInstance\RendererInstance.hpp">
      <Filter>Header Files</Filter>
    </ClInclude>
    <ClInclude Include="src\TextureInstance\TextureInstance.hpp">
      <Filter>Header Files</Filter>
    </ClInclude>
    <ClInclude Include="src\ShaderInstance\ShaderInstance.hpp">
      <Filter>Header Files</Filter>
    </ClInclude>
    <ClInclude Include="src\Utils\Utils.hpp">
      <Filter>Header Files</Filter>
    </ClInclude>
    <ClInclude Include="src\TextureLoader\ITextureLoader.hpp">
      <Filter>Header Files</Filter>
    </ClInclude>
    <ClInclude Include="src\TextureLoader\TextureLoaderCV\TextureLoaderCV.hpp">
      <Filter>Header Files</Filter>
    </ClInclude>
    <ClInclude Include="src\TextureLoader\TextureLoaderSTB\TextureLoaderSTB.hpp">
      <Filter>Header Files</Filter>
    </ClInclude>
    <ClInclude Include="src\ImguiWrapper\ImguiWrapper.hpp">
      <Filter>Header Files</Filter>
    </ClInclude>
    <ClInclude Include="src\MeshGenerators\GenericMeshGenerators\ParallelepipedGenerator\ParallelepipedGenerator.hpp">
      <Filter>Header Files</Filter>
    </ClInclude>
    <ClInclude Include="src\MeshGenerators\MeshGenerator.hpp">
      <Filter>Header Files</Filter>
    </ClInclude>
    <ClInclude Include="src\MeshGenerators\GenericMeshGenerators\RectangleGenerator\RectangleGenerator.hpp">
      <Filter>Header Files</Filter>
    </ClInclude>
    <ClInclude Include="src\MeshGenerators\GenericMeshGenerators\CircleGenerator\CircleGenerator.hpp">
      <Filter>Header Files</Filter>
    </ClInclude>
    <ClInclude Include="src\MeshGenerators\GenericMeshGenerators\EllipseGenerator\EllipseGenerator.hpp">
      <Filter>Header Files</Filter>
    </ClInclude>
    <ClInclude Include="src\MeshGenerators\GenericMeshGenerators\UvSphereGenerator\UvSphereGenerator.hpp">
      <Filter>Header Files</Filter>
    </ClInclude>
    <ClInclude Include="src\MeshGenerators\GenericMeshGenerators\IcosahedronGenerator\IcosahedronGenerator.hpp">
      <Filter>Header Files</Filter>
    </ClInclude>
    <ClInclude Include="src\MeshGenerators\GenericMeshGenerators\ConeGenerator\ConeGenerator.hpp">
      <Filter>Header Files</Filter>
    </ClInclude>
    <ClInclude Include="src\CameraInstance\CameraInstance.hpp">
      <Filter>Header Files</Filter>
    </ClInclude>
    <ClInclude Include="src\ViewportInstance\ViewportInstance.hpp">
      <Filter>Header Files</Filter>
    </ClInclude>
    <ClInclude Include="src\MouseInstance\MouseInstance.hpp">
      <Filter>Header Files</Filter>
    </ClInclude>
    <ClInclude Include="src\Control\Control.hpp">
      <Filter>Header Files</Filter>
    </ClInclude>
    <ClInclude Include="src\KeyboardInstance\KeyboardInstance.hpp">
      <Filter>Header Files</Filter>
    </ClInclude>
    <ClInclude Include="src\ApplicationInstance\ApplicationInstance.hpp">
      <Filter>Header Files</Filter>
    </ClInclude>
    <ClInclude Include="src\MeshGenerators\GenericMeshGenerators\CylinderGenerator\CylinderGenerator.hpp">
      <Filter>Header Files</Filter>
    </ClInclude>
    <ClInclude Include="src\MeshGenerators\GenericMeshGenerators\TorusGenerator\TorusGenerator.hpp">
      <Filter>Header Files</Filter>
    </ClInclude>
    <ClInclude Include="src\MeshGenerators\GenericMeshGenerators\IcosphereGenerator\IcosphereGenerator.hpp">
      <Filter>Header Files</Filter>
    </ClInclude>
    <ClInclude Include="src\LogLevel\LogLevel.hpp">
      <Filter>Header Files</Filter>
    </ClInclude>
    <ClInclude Include="src\ApplicationConfig\ApplicationConfig.hpp">
      <Filter>Header Files</Filter>
    </ClInclude>
    <ClInclude Include="src\MeshInstance\MeshInstance.hpp">
      <Filter>Header Files</Filter>
    </ClInclude>
    <ClInclude Include="lib\glad\include\glad.h">
      <Filter>Header Files</Filter>
    </ClInclude>
    <ClInclude Include="lib\imgui\include\imconfig.h">
      <Filter>Header Files</Filter>
    </ClInclude>
    <ClInclude Include="lib\imgui\include\imgui.h">
      <Filter>Header Files</Filter>
    </ClInclude>
    <ClInclude Include="lib\imgui\include\imgui_impl_glfw.h">
      <Filter>Header Files</Filter>
    </ClInclude>
    <ClInclude Include="lib\imgui\include\imgui_impl_opengl3.h">
      <Filter>Header Files</Filter>
    </ClInclude>
    <ClInclude Include="lib\imgui\include\imgui_impl_opengl3_loader.h">
      <Filter>Header Files</Filter>
    </ClInclude>
    <ClInclude Include="lib\imgui\include\imgui_internal.h">
      <Filter>Header Files</Filter>
    </ClInclude>
    <ClInclude Include="lib\imgui\include\imstb_rectpack.h">
      <Filter>Header Files</Filter>
    </ClInclude>
    <ClInclude Include="lib\imgui\include\imstb_textedit.h">
      <Filter>Header Files</Filter>
    </ClInclude>
    <ClInclude Include="lib\imgui\include\imstb_truetype.h">
      <Filter>Header Files</Filter>
    </ClInclude>
    <ClInclude Include="src\MeshGeneratorFactory\IMeshGeneratorFactory.hpp">
      <Filter>Header Files</Filter>
    </ClInclude>
    <ClInclude Include="src\MeshGeneratorFactory\GenericMeshGeneratorFactory\GenericMeshGeneratorFactory.hpp">
      <Filter>Header Files</Filter>
    </ClInclude>
    <ClInclude Include="src\MeshGenerators\IMeshGenerator.hpp">
      <Filter>Header Files</Filter>
    </ClInclude>
    <ClInclude Include="src\MeshInstance\MaterialMeshInstance.hpp">
      <Filter>Header Files</Filter>
    </ClInclude>
    <ClInclude Include="src\MeshInstance\IMeshInstance.hpp">
      <Filter>Header Files</Filter>
    </ClInclude>
    <ClInclude Include="src\MeshGeneratorFactory\MaterialMeshGeneratorFactory\MaterialMeshGeneratorFactory.hpp">
      <Filter>Header Files</Filter>
    </ClInclude>
    <ClInclude Include="src\MeshGenerators\MaterialMeshGenerator.hpp">
      <Filter>Header Files</Filter>
    </ClInclude>
    <ClInclude Include="src\LightInstance\LightInstance.hpp">
      <Filter>Header Files</Filter>
    </ClInclude>
    <ClInclude Include="src\MaterialInstance\MaterialInstance.hpp">
      <Filter>Header Files</Filter>
    </ClInclude>
    <ClInclude Include="src\ImguiWrapper\ImguiCheckBox\ImguiCheckBox.hpp">
      <Filter>Header Files</Filter>
    </ClInclude>
    <ClInclude Include="src\ImguiWrapper\IImguiElement.hpp">
      <Filter>Header Files</Filter>
    </ClInclude>
    <ClInclude Include="src\ImguiWrapper\ImguiTextBox\ImguiTextBox.hpp">
      <Filter>Header Files</Filter>
    </ClInclude>
    <ClInclude Include="src\ImguiWrapper\ImguiComboBox\ImguiComboBox.hpp">
      <Filter>Header Files</Filter>
    </ClInclude>
    <ClInclude Include="src\ImguiWrapper\ImguiSlider\ImguiSlider.hpp">
      <Filter>Header Files</Filter>
    </ClInclude>
    <ClInclude Include="src\ImguiWrapper\ImguiColorPicker\ImguiColorPicker.hpp">
      <Filter>Header Files</Filter>
    </ClInclude>
    <ClInclude Include="src\ImguiWrapper\ImguiSameLine\ImguiSameLine.hpp">
      <Filter>Header Files</Filter>
    </ClInclude>
    <ClInclude Include="src\ApplicationConfigCreator\ApplicationConfigCreator.hpp">
      <Filter>Header Files</Filter>
    </ClInclude>
    <ClInclude Include="src\NlohmannUtils\NlohmannUtils.hpp">
      <Filter>Header Files</Filter>
    </ClInclude>
  </ItemGroup>
  <ItemGroup>
    <None Include="shaders\BasicShader.vert" />
    <None Include="shaders\BasicShader.frag" />
    <None Include="shaders\MagicShader.frag" />
    <None Include="shaders\NormalVisualization.frag" />
    <None Include="shaders\RedBlueGreen.frag" />
    <None Include="shaders\RedShader.frag" />
    <None Include="shaders\BasicShader.geom" />
    <None Include="shaders\PhongLightingShader.frag" />
    <None Include="shaders\PhongLightingShader.vert" />
  </ItemGroup>
  <ItemGroup>
    <Image Include="resources\textures\paper-sheet.png">
      <Filter>Resource Files</Filter>
    </Image>
  </ItemGroup>
</Project>